
Microsoft Visual Studio Solution File, Format Version 12.00
# Visual Studio Version 17
VisualStudioVersion = 17.12.35527.113
MinimumVisualStudioVersion = 10.0.40219.1
Project("{FAE04EC0-301F-11D3-BF4B-00C04F79EFBC}") = "PageConstructor.Domain", "PageConstructor.Domain\PageConstructor.Domain.csproj", "{252D21E3-21A9-492B-8D78-31891CE2C7C2}"
EndProject
Project("{FAE04EC0-301F-11D3-BF4B-00C04F79EFBC}") = "PageConstructor.Persistence", "PageConstructor.Persistance\PageConstructor.Persistence.csproj", "{F57FDF4F-AE95-480C-87EC-B59A7AAB093E}"
EndProject
Project("{FAE04EC0-301F-11D3-BF4B-00C04F79EFBC}") = "PageConstructor.Application", "PageConstructor.Application\PageConstructor.Application.csproj", "{30AABE5D-26A7-4759-A885-690128277184}"
EndProject
Project("{FAE04EC0-301F-11D3-BF4B-00C04F79EFBC}") = "PageConstructor.Infrastructure", "PageConstructor.Infrastructure\PageConstructor.Infrastructure.csproj", "{4EA9EB80-0850-455A-8918-6F526D2BBEC1}"
EndProject
Project("{FAE04EC0-301F-11D3-BF4B-00C04F79EFBC}") = "PageConstructor.API", "PageConstructor.API\PageConstructor.API.csproj", "{24DAEF14-582D-43D1-9DB3-EAED2C7A8353}"
EndProject
Global
	GlobalSection(SolutionConfigurationPlatforms) = preSolution
		Debug|Any CPU = Debug|Any CPU
		Release|Any CPU = Release|Any CPU
	EndGlobalSection
	GlobalSection(ProjectConfigurationPlatforms) = postSolution
		{252D21E3-21A9-492B-8D78-31891CE2C7C2}.Debug|Any CPU.ActiveCfg = Debug|Any CPU
		{252D21E3-21A9-492B-8D78-31891CE2C7C2}.Debug|Any CPU.Build.0 = Debug|Any CPU
		{252D21E3-21A9-492B-8D78-31891CE2C7C2}.Release|Any CPU.ActiveCfg = Release|Any CPU
		{252D21E3-21A9-492B-8D78-31891CE2C7C2}.Release|Any CPU.Build.0 = Release|Any CPU
		{F57FDF4F-AE95-480C-87EC-B59A7AAB093E}.Debug|Any CPU.ActiveCfg = Debug|Any CPU
		{F57FDF4F-AE95-480C-87EC-B59A7AAB093E}.Debug|Any CPU.Build.0 = Debug|Any CPU
		{F57FDF4F-AE95-480C-87EC-B59A7AAB093E}.Release|Any CPU.ActiveCfg = Release|Any CPU
		{F57FDF4F-AE95-480C-87EC-B59A7AAB093E}.Release|Any CPU.Build.0 = Release|Any CPU
		{30AABE5D-26A7-4759-A885-690128277184}.Debug|Any CPU.ActiveCfg = Debug|Any CPU
		{30AABE5D-26A7-4759-A885-690128277184}.Debug|Any CPU.Build.0 = Debug|Any CPU
		{30AABE5D-26A7-4759-A885-690128277184}.Release|Any CPU.ActiveCfg = Release|Any CPU
		{30AABE5D-26A7-4759-A885-690128277184}.Release|Any CPU.Build.0 = Release|Any CPU
		{4EA9EB80-0850-455A-8918-6F526D2BBEC1}.Debug|Any CPU.ActiveCfg = Debug|Any CPU
		{4EA9EB80-0850-455A-8918-6F526D2BBEC1}.Debug|Any CPU.Build.0 = Debug|Any CPU
		{4EA9EB80-0850-455A-8918-6F526D2BBEC1}.Release|Any CPU.ActiveCfg = Release|Any CPU
		{4EA9EB80-0850-455A-8918-6F526D2BBEC1}.Release|Any CPU.Build.0 = Release|Any CPU
		{24DAEF14-582D-43D1-9DB3-EAED2C7A8353}.Debug|Any CPU.ActiveCfg = Debug|Any CPU
		{24DAEF14-582D-43D1-9DB3-EAED2C7A8353}.Debug|Any CPU.Build.0 = Debug|Any CPU
		{24DAEF14-582D-43D1-9DB3-EAED2C7A8353}.Release|Any CPU.ActiveCfg = Release|Any CPU
		{24DAEF14-582D-43D1-9DB3-EAED2C7A8353}.Release|Any CPU.Build.0 = Release|Any CPU
	EndGlobalSection
	GlobalSection(SolutionProperties) = preSolution
		HideSolutionNode = FALSE
	EndGlobalSection
EndGlobal
